
Microsoft Visual Studio Solution File, Format Version 12.00
# Visual Studio 15
VisualStudioVersion = 15.0.27004.2009
MinimumVisualStudioVersion = 10.0.40219.1
Project("{FAE04EC0-301F-11D3-BF4B-00C04F79EFBC}") = "ICT13580082FinalA.Android", "ICT13580082FinalA\ICT13580082FinalA.Android\ICT13580082FinalA.Android.csproj", "{F679FB44-DF54-4E02-9689-DCCD1F0A151B}"
EndProject
Project("{FAE04EC0-301F-11D3-BF4B-00C04F79EFBC}") = "ICT13580082FinalA", "ICT13580082FinalA\ICT13580082FinalA\ICT13580082FinalA.csproj", "{DC055EDC-E2D8-476A-8F15-9C70049878E0}"
EndProject
Project("{FAE04EC0-301F-11D3-BF4B-00C04F79EFBC}") = "ICT13580082FinalA.iOS", "ICT13580082FinalA\ICT13580082FinalA.iOS\ICT13580082FinalA.iOS.csproj", "{405960F6-274A-45E5-A471-1372A163952D}"
EndProject
Global
	GlobalSection(SolutionConfigurationPlatforms) = preSolution
		Ad-Hoc|Any CPU = Ad-Hoc|Any CPU
		Ad-Hoc|iPhone = Ad-Hoc|iPhone
		Ad-Hoc|iPhoneSimulator = Ad-Hoc|iPhoneSimulator
		AppStore|Any CPU = AppStore|Any CPU
		AppStore|iPhone = AppStore|iPhone
		AppStore|iPhoneSimulator = AppStore|iPhoneSimulator
		Debug|Any CPU = Debug|Any CPU
		Debug|iPhone = Debug|iPhone
		Debug|iPhoneSimulator = Debug|iPhoneSimulator
		Release|Any CPU = Release|Any CPU
		Release|iPhone = Release|iPhone
		Release|iPhoneSimulator = Release|iPhoneSimulator
	EndGlobalSection
	GlobalSection(ProjectConfigurationPlatforms) = postSolution
		{F679FB44-DF54-4E02-9689-DCCD1F0A151B}.Ad-Hoc|Any CPU.ActiveCfg = Release|Any CPU
		{F679FB44-DF54-4E02-9689-DCCD1F0A151B}.Ad-Hoc|Any CPU.Build.0 = Release|Any CPU
		{F679FB44-DF54-4E02-9689-DCCD1F0A151B}.Ad-Hoc|Any CPU.Deploy.0 = Release|Any CPU
		{F679FB44-DF54-4E02-9689-DCCD1F0A151B}.Ad-Hoc|iPhone.ActiveCfg = Release|Any CPU
		{F679FB44-DF54-4E02-9689-DCCD1F0A151B}.Ad-Hoc|iPhone.Build.0 = Release|Any CPU
		{F679FB44-DF54-4E02-9689-DCCD1F0A151B}.Ad-Hoc|iPhone.Deploy.0 = Release|Any CPU
		{F679FB44-DF54-4E02-9689-DCCD1F0A151B}.Ad-Hoc|iPhoneSimulator.ActiveCfg = Release|Any CPU
		{F679FB44-DF54-4E02-9689-DCCD1F0A151B}.Ad-Hoc|iPhoneSimulator.Build.0 = Release|Any CPU
		{F679FB44-DF54-4E02-9689-DCCD1F0A151B}.Ad-Hoc|iPhoneSimulator.Deploy.0 = Release|Any CPU
		{F679FB44-DF54-4E02-9689-DCCD1F0A151B}.AppStore|Any CPU.ActiveCfg = Release|Any CPU
		{F679FB44-DF54-4E02-9689-DCCD1F0A151B}.AppStore|Any CPU.Build.0 = Release|Any CPU
		{F679FB44-DF54-4E02-9689-DCCD1F0A151B}.AppStore|Any CPU.Deploy.0 = Release|Any CPU
		{F679FB44-DF54-4E02-9689-DCCD1F0A151B}.AppStore|iPhone.ActiveCfg = Release|Any CPU
		{F679FB44-DF54-4E02-9689-DCCD1F0A151B}.AppStore|iPhone.Build.0 = Release|Any CPU
		{F679FB44-DF54-4E02-9689-DCCD1F0A151B}.AppStore|iPhone.Deploy.0 = Release|Any CPU
		{F679FB44-DF54-4E02-9689-DCCD1F0A151B}.AppStore|iPhoneSimulator.ActiveCfg = Release|Any CPU
		{F679FB44-DF54-4E02-9689-DCCD1F0A151B}.AppStore|iPhoneSimulator.Build.0 = Release|Any CPU
		{F679FB44-DF54-4E02-9689-DCCD1F0A151B}.AppStore|iPhoneSimulator.Deploy.0 = Release|Any CPU
		{F679FB44-DF54-4E02-9689-DCCD1F0A151B}.Debug|Any CPU.ActiveCfg = Debug|Any CPU
		{F679FB44-DF54-4E02-9689-DCCD1F0A151B}.Debug|Any CPU.Build.0 = Debug|Any CPU
		{F679FB44-DF54-4E02-9689-DCCD1F0A151B}.Debug|Any CPU.Deploy.0 = Debug|Any CPU
		{F679FB44-DF54-4E02-9689-DCCD1F0A151B}.Debug|iPhone.ActiveCfg = Debug|Any CPU
		{F679FB44-DF54-4E02-9689-DCCD1F0A151B}.Debug|iPhone.Build.0 = Debug|Any CPU
		{F679FB44-DF54-4E02-9689-DCCD1F0A151B}.Debug|iPhone.Deploy.0 = Debug|Any CPU
		{F679FB44-DF54-4E02-9689-DCCD1F0A151B}.Debug|iPhoneSimulator.ActiveCfg = Debug|Any CPU
		{F679FB44-DF54-4E02-9689-DCCD1F0A151B}.Debug|iPhoneSimulator.Build.0 = Debug|Any CPU
		{F679FB44-DF54-4E02-9689-DCCD1F0A151B}.Debug|iPhoneSimulator.Deploy.0 = Debug|Any CPU
		{F679FB44-DF54-4E02-9689-DCCD1F0A151B}.Release|Any CPU.ActiveCfg = Release|Any CPU
		{F679FB44-DF54-4E02-9689-DCCD1F0A151B}.Release|Any CPU.Build.0 = Release|Any CPU
		{F679FB44-DF54-4E02-9689-DCCD1F0A151B}.Release|Any CPU.Deploy.0 = Release|Any CPU
		{F679FB44-DF54-4E02-9689-DCCD1F0A151B}.Release|iPhone.ActiveCfg = Release|Any CPU
		{F679FB44-DF54-4E02-9689-DCCD1F0A151B}.Release|iPhone.Build.0 = Release|Any CPU
		{F679FB44-DF54-4E02-9689-DCCD1F0A151B}.Release|iPhone.Deploy.0 = Release|Any CPU
		{F679FB44-DF54-4E02-9689-DCCD1F0A151B}.Release|iPhoneSimulator.ActiveCfg = Release|Any CPU
		{F679FB44-DF54-4E02-9689-DCCD1F0A151B}.Release|iPhoneSimulator.Build.0 = Release|Any CPU
		{F679FB44-DF54-4E02-9689-DCCD1F0A151B}.Release|iPhoneSimulator.Deploy.0 = Release|Any CPU
		{DC055EDC-E2D8-476A-8F15-9C70049878E0}.Ad-Hoc|Any CPU.ActiveCfg = Release|Any CPU
		{DC055EDC-E2D8-476A-8F15-9C70049878E0}.Ad-Hoc|Any CPU.Build.0 = Release|Any CPU
		{DC055EDC-E2D8-476A-8F15-9C70049878E0}.Ad-Hoc|iPhone.ActiveCfg = Release|Any CPU
		{DC055EDC-E2D8-476A-8F15-9C70049878E0}.Ad-Hoc|iPhone.Build.0 = Release|Any CPU
		{DC055EDC-E2D8-476A-8F15-9C70049878E0}.Ad-Hoc|iPhoneSimulator.ActiveCfg = Release|Any CPU
		{DC055EDC-E2D8-476A-8F15-9C70049878E0}.Ad-Hoc|iPhoneSimulator.Build.0 = Release|Any CPU
		{DC055EDC-E2D8-476A-8F15-9C70049878E0}.AppStore|Any CPU.ActiveCfg = Release|Any CPU
		{DC055EDC-E2D8-476A-8F15-9C70049878E0}.AppStore|Any CPU.Build.0 = Release|Any CPU
		{DC055EDC-E2D8-476A-8F15-9C70049878E0}.AppStore|iPhone.ActiveCfg = Release|Any CPU
		{DC055EDC-E2D8-476A-8F15-9C70049878E0}.AppStore|iPhone.Build.0 = Release|Any CPU
		{DC055EDC-E2D8-476A-8F15-9C70049878E0}.AppStore|iPhoneSimulator.ActiveCfg = Release|Any CPU
		{DC055EDC-E2D8-476A-8F15-9C70049878E0}.AppStore|iPhoneSimulator.Build.0 = Release|Any CPU
		{DC055EDC-E2D8-476A-8F15-9C70049878E0}.Debug|Any CPU.ActiveCfg = Debug|Any CPU
		{DC055EDC-E2D8-476A-8F15-9C70049878E0}.Debug|Any CPU.Build.0 = Debug|Any CPU
		{DC055EDC-E2D8-476A-8F15-9C70049878E0}.Debug|iPhone.ActiveCfg = Debug|Any CPU
		{DC055EDC-E2D8-476A-8F15-9C70049878E0}.Debug|iPhone.Build.0 = Debug|Any CPU
		{DC055EDC-E2D8-476A-8F15-9C70049878E0}.Debug|iPhoneSimulator.ActiveCfg = Debug|Any CPU
		{DC055EDC-E2D8-476A-8F15-9C70049878E0}.Debug|iPhoneSimulator.Build.0 = Debug|Any CPU
		{DC055EDC-E2D8-476A-8F15-9C70049878E0}.Release|Any CPU.ActiveCfg = Release|Any CPU
		{DC055EDC-E2D8-476A-8F15-9C70049878E0}.Release|Any CPU.Build.0 = Release|Any CPU
		{DC055EDC-E2D8-476A-8F15-9C70049878E0}.Release|iPhone.ActiveCfg = Release|Any CPU
		{DC055EDC-E2D8-476A-8F15-9C70049878E0}.Release|iPhone.Build.0 = Release|Any CPU
		{DC055EDC-E2D8-476A-8F15-9C70049878E0}.Release|iPhoneSimulator.ActiveCfg = Release|Any CPU
		{DC055EDC-E2D8-476A-8F15-9C70049878E0}.Release|iPhoneSimulator.Build.0 = Release|Any CPU
		{405960F6-274A-45E5-A471-1372A163952D}.Ad-Hoc|Any CPU.ActiveCfg = Ad-Hoc|iPhoneSimulator
		{405960F6-274A-45E5-A471-1372A163952D}.Ad-Hoc|iPhone.ActiveCfg = Ad-Hoc|iPhone
		{405960F6-274A-45E5-A471-1372A163952D}.Ad-Hoc|iPhone.Build.0 = Ad-Hoc|iPhone
		{405960F6-274A-45E5-A471-1372A163952D}.Ad-Hoc|iPhoneSimulator.ActiveCfg = Ad-Hoc|iPhoneSimulator
		{405960F6-274A-45E5-A471-1372A163952D}.Ad-Hoc|iPhoneSimulator.Build.0 = Ad-Hoc|iPhoneSimulator
		{405960F6-274A-45E5-A471-1372A163952D}.AppStore|Any CPU.ActiveCfg = AppStore|iPhoneSimulator
		{405960F6-274A-45E5-A471-1372A163952D}.AppStore|iPhone.ActiveCfg = AppStore|iPhone
		{405960F6-274A-45E5-A471-1372A163952D}.AppStore|iPhone.Build.0 = AppStore|iPhone
		{405960F6-274A-45E5-A471-1372A163952D}.AppStore|iPhoneSimulator.ActiveCfg = AppStore|iPhoneSimulator
		{405960F6-274A-45E5-A471-1372A163952D}.AppStore|iPhoneSimulator.Build.0 = AppStore|iPhoneSimulator
		{405960F6-274A-45E5-A471-1372A163952D}.Debug|Any CPU.ActiveCfg = Debug|iPhoneSimulator
		{405960F6-274A-45E5-A471-1372A163952D}.Debug|iPhone.ActiveCfg = Debug|iPhone
		{405960F6-274A-45E5-A471-1372A163952D}.Debug|iPhone.Build.0 = Debug|iPhone
		{405960F6-274A-45E5-A471-1372A163952D}.Debug|iPhoneSimulator.ActiveCfg = Debug|iPhoneSimulator
		{405960F6-274A-45E5-A471-1372A163952D}.Debug|iPhoneSimulator.Build.0 = Debug|iPhoneSimulator
		{405960F6-274A-45E5-A471-1372A163952D}.Release|Any CPU.ActiveCfg = Release|iPhoneSimulator
		{405960F6-274A-45E5-A471-1372A163952D}.Release|iPhone.ActiveCfg = Release|iPhone
		{405960F6-274A-45E5-A471-1372A163952D}.Release|iPhone.Build.0 = Release|iPhone
		{405960F6-274A-45E5-A471-1372A163952D}.Release|iPhoneSimulator.ActiveCfg = Release|iPhoneSimulator
		{405960F6-274A-45E5-A471-1372A163952D}.Release|iPhoneSimulator.Build.0 = Release|iPhoneSimulator
	EndGlobalSection
	GlobalSection(SolutionProperties) = preSolution
		HideSolutionNode = FALSE
	EndGlobalSection
	GlobalSection(ExtensibilityGlobals) = postSolution
		SolutionGuid = {86E62FBC-6018-4BDE-9091-D2C5E611F0F9}
	EndGlobalSection
EndGlobal
